// !$*UTF8*$!
{
	archiveVersion = 1;
	classes = {
	};
	objectVersion = 46;
	objects = {

/* Begin PBXBuildFile section */
		049F0E0B1CFDB51B007E8A64 /* main.m in Sources */ = {isa = PBXBuildFile; fileRef = 049F0E0A1CFDB51B007E8A64 /* main.m */; };
		049F0E0E1CFDB51B007E8A64 /* AppDelegate.m in Sources */ = {isa = PBXBuildFile; fileRef = 049F0E0D1CFDB51B007E8A64 /* AppDelegate.m */; };
		049F0E111CFDB51B007E8A64 /* ViewController.m in Sources */ = {isa = PBXBuildFile; fileRef = 049F0E101CFDB51B007E8A64 /* ViewController.m */; };
		049F0E161CFDB51B007E8A64 /* Assets.xcassets in Resources */ = {isa = PBXBuildFile; fileRef = 049F0E151CFDB51B007E8A64 /* Assets.xcassets */; };
		049F0E191CFDB51B007E8A64 /* LaunchScreen.storyboard in Resources */ = {isa = PBXBuildFile; fileRef = 049F0E171CFDB51B007E8A64 /* LaunchScreen.storyboard */; };
		049F0F081CFEC6FA007E8A64 /* NSArray+CZAddition.m in Sources */ = {isa = PBXBuildFile; fileRef = 049F0EEE1CFEC6FA007E8A64 /* NSArray+CZAddition.m */; };
		049F0F091CFEC6FA007E8A64 /* NSArray+Log.m in Sources */ = {isa = PBXBuildFile; fileRef = 049F0EF01CFEC6FA007E8A64 /* NSArray+Log.m */; };
		049F0F0A1CFEC6FA007E8A64 /* NSAttributedString+CZAdditon.m in Sources */ = {isa = PBXBuildFile; fileRef = 049F0EF21CFEC6FA007E8A64 /* NSAttributedString+CZAdditon.m */; };
		049F0F0B1CFEC6FA007E8A64 /* NSObject+CZAddition.m in Sources */ = {isa = PBXBuildFile; fileRef = 049F0EF41CFEC6FA007E8A64 /* NSObject+CZAddition.m */; };
		049F0F0C1CFEC6FA007E8A64 /* UIButton+CZAddition.m in Sources */ = {isa = PBXBuildFile; fileRef = 049F0EF61CFEC6FA007E8A64 /* UIButton+CZAddition.m */; };
		049F0F0D1CFEC6FA007E8A64 /* UIColor+CZAddition.m in Sources */ = {isa = PBXBuildFile; fileRef = 049F0EF81CFEC6FA007E8A64 /* UIColor+CZAddition.m */; };
		049F0F0E1CFEC6FA007E8A64 /* UILabel+CZAddition.m in Sources */ = {isa = PBXBuildFile; fileRef = 049F0EFA1CFEC6FA007E8A64 /* UILabel+CZAddition.m */; };
		049F0F0F1CFEC6FA007E8A64 /* UIScreen+CZAddition.m in Sources */ = {isa = PBXBuildFile; fileRef = 049F0EFC1CFEC6FA007E8A64 /* UIScreen+CZAddition.m */; };
		049F0F101CFEC6FA007E8A64 /* UIView+CZAddition.m in Sources */ = {isa = PBXBuildFile; fileRef = 049F0EFE1CFEC6FA007E8A64 /* UIView+CZAddition.m */; };
		049F0F111CFEC6FA007E8A64 /* UIViewController+CZAddition.m in Sources */ = {isa = PBXBuildFile; fileRef = 049F0F001CFEC6FA007E8A64 /* UIViewController+CZAddition.m */; };
		049F0F121CFEC6FA007E8A64 /* CZBaseControl.m in Sources */ = {isa = PBXBuildFile; fileRef = 049F0F031CFEC6FA007E8A64 /* CZBaseControl.m */; };
		049F0F131CFEC6FA007E8A64 /* CZBaseView.m in Sources */ = {isa = PBXBuildFile; fileRef = 049F0F051CFEC6FA007E8A64 /* CZBaseView.m */; };
		049F0F141CFEC6FA007E8A64 /* CZBaseViewController.m in Sources */ = {isa = PBXBuildFile; fileRef = 049F0F071CFEC6FA007E8A64 /* CZBaseViewController.m */; };
		04A0FAF21CFFE9FF00C3895C /* XMTabBarController.m in Sources */ = {isa = PBXBuildFile; fileRef = 04A0FAF11CFFE9FF00C3895C /* XMTabBarController.m */; };
		04A0FB161CFFF1B400C3895C /* XMNavigationController.m in Sources */ = {isa = PBXBuildFile; fileRef = 04A0FB151CFFF1B400C3895C /* XMNavigationController.m */; };
		04A0FB1B1CFFF43D00C3895C /* ZFBHomeViewController.m in Sources */ = {isa = PBXBuildFile; fileRef = 04A0FB1A1CFFF43D00C3895C /* ZFBHomeViewController.m */; };
		04A0FB1F1CFFF47300C3895C /* ZFBBusinessViewController.m in Sources */ = {isa = PBXBuildFile; fileRef = 04A0FB1E1CFFF47300C3895C /* ZFBBusinessViewController.m */; };
		04A0FB231CFFF49900C3895C /* ZFBFriendsViewController.m in Sources */ = {isa = PBXBuildFile; fileRef = 04A0FB221CFFF49900C3895C /* ZFBFriendsViewController.m */; };
		2D1086D2AAC7029E56B317ED /* Pods_GroupWork.framework in Frameworks */ = {isa = PBXBuildFile; fileRef = 554EC318B19F7979E2375FDE /* Pods_GroupWork.framework */; };
/* End PBXBuildFile section */

/* Begin PBXFileReference section */
		049F0E061CFDB51B007E8A64 /* GroupWork.app */ = {isa = PBXFileReference; explicitFileType = wrapper.application; includeInIndex = 0; path = GroupWork.app; sourceTree = BUILT_PRODUCTS_DIR; };
		049F0E0A1CFDB51B007E8A64 /* main.m */ = {isa = PBXFileReference; lastKnownFileType = sourcecode.c.objc; path = main.m; sourceTree = "<group>"; };
		049F0E0C1CFDB51B007E8A64 /* AppDelegate.h */ = {isa = PBXFileReference; lastKnownFileType = sourcecode.c.h; path = AppDelegate.h; sourceTree = "<group>"; };
		049F0E0D1CFDB51B007E8A64 /* AppDelegate.m */ = {isa = PBXFileReference; lastKnownFileType = sourcecode.c.objc; path = AppDelegate.m; sourceTree = "<group>"; };
		049F0E0F1CFDB51B007E8A64 /* ViewController.h */ = {isa = PBXFileReference; lastKnownFileType = sourcecode.c.h; path = ViewController.h; sourceTree = "<group>"; };
		049F0E101CFDB51B007E8A64 /* ViewController.m */ = {isa = PBXFileReference; lastKnownFileType = sourcecode.c.objc; path = ViewController.m; sourceTree = "<group>"; };
		049F0E151CFDB51B007E8A64 /* Assets.xcassets */ = {isa = PBXFileReference; lastKnownFileType = folder.assetcatalog; path = Assets.xcassets; sourceTree = "<group>"; };
		049F0E181CFDB51B007E8A64 /* Base */ = {isa = PBXFileReference; lastKnownFileType = file.storyboard; name = Base; path = Base.lproj/LaunchScreen.storyboard; sourceTree = "<group>"; };
		049F0E1A1CFDB51B007E8A64 /* Info.plist */ = {isa = PBXFileReference; lastKnownFileType = text.plist.xml; path = Info.plist; sourceTree = "<group>"; };
		049F0EEC1CFEC6FA007E8A64 /* CZAdditions.h */ = {isa = PBXFileReference; fileEncoding = 4; lastKnownFileType = sourcecode.c.h; path = CZAdditions.h; sourceTree = "<group>"; };
		049F0EED1CFEC6FA007E8A64 /* NSArray+CZAddition.h */ = {isa = PBXFileReference; fileEncoding = 4; lastKnownFileType = sourcecode.c.h; path = "NSArray+CZAddition.h"; sourceTree = "<group>"; };
		049F0EEE1CFEC6FA007E8A64 /* NSArray+CZAddition.m */ = {isa = PBXFileReference; fileEncoding = 4; lastKnownFileType = sourcecode.c.objc; path = "NSArray+CZAddition.m"; sourceTree = "<group>"; };
		049F0EEF1CFEC6FA007E8A64 /* NSArray+Log.h */ = {isa = PBXFileReference; fileEncoding = 4; lastKnownFileType = sourcecode.c.h; path = "NSArray+Log.h"; sourceTree = "<group>"; };
		049F0EF01CFEC6FA007E8A64 /* NSArray+Log.m */ = {isa = PBXFileReference; fileEncoding = 4; lastKnownFileType = sourcecode.c.objc; path = "NSArray+Log.m"; sourceTree = "<group>"; };
		049F0EF11CFEC6FA007E8A64 /* NSAttributedString+CZAdditon.h */ = {isa = PBXFileReference; fileEncoding = 4; lastKnownFileType = sourcecode.c.h; path = "NSAttributedString+CZAdditon.h"; sourceTree = "<group>"; };
		049F0EF21CFEC6FA007E8A64 /* NSAttributedString+CZAdditon.m */ = {isa = PBXFileReference; fileEncoding = 4; lastKnownFileType = sourcecode.c.objc; path = "NSAttributedString+CZAdditon.m"; sourceTree = "<group>"; };
		049F0EF31CFEC6FA007E8A64 /* NSObject+CZAddition.h */ = {isa = PBXFileReference; fileEncoding = 4; lastKnownFileType = sourcecode.c.h; path = "NSObject+CZAddition.h"; sourceTree = "<group>"; };
		049F0EF41CFEC6FA007E8A64 /* NSObject+CZAddition.m */ = {isa = PBXFileReference; fileEncoding = 4; lastKnownFileType = sourcecode.c.objc; path = "NSObject+CZAddition.m"; sourceTree = "<group>"; };
		049F0EF51CFEC6FA007E8A64 /* UIButton+CZAddition.h */ = {isa = PBXFileReference; fileEncoding = 4; lastKnownFileType = sourcecode.c.h; path = "UIButton+CZAddition.h"; sourceTree = "<group>"; };
		049F0EF61CFEC6FA007E8A64 /* UIButton+CZAddition.m */ = {isa = PBXFileReference; fileEncoding = 4; lastKnownFileType = sourcecode.c.objc; path = "UIButton+CZAddition.m"; sourceTree = "<group>"; };
		049F0EF71CFEC6FA007E8A64 /* UIColor+CZAddition.h */ = {isa = PBXFileReference; fileEncoding = 4; lastKnownFileType = sourcecode.c.h; path = "UIColor+CZAddition.h"; sourceTree = "<group>"; };
		049F0EF81CFEC6FA007E8A64 /* UIColor+CZAddition.m */ = {isa = PBXFileReference; fileEncoding = 4; lastKnownFileType = sourcecode.c.objc; path = "UIColor+CZAddition.m"; sourceTree = "<group>"; };
		049F0EF91CFEC6FA007E8A64 /* UILabel+CZAddition.h */ = {isa = PBXFileReference; fileEncoding = 4; lastKnownFileType = sourcecode.c.h; path = "UILabel+CZAddition.h"; sourceTree = "<group>"; };
		049F0EFA1CFEC6FA007E8A64 /* UILabel+CZAddition.m */ = {isa = PBXFileReference; fileEncoding = 4; lastKnownFileType = sourcecode.c.objc; path = "UILabel+CZAddition.m"; sourceTree = "<group>"; };
		049F0EFB1CFEC6FA007E8A64 /* UIScreen+CZAddition.h */ = {isa = PBXFileReference; fileEncoding = 4; lastKnownFileType = sourcecode.c.h; path = "UIScreen+CZAddition.h"; sourceTree = "<group>"; };
		049F0EFC1CFEC6FA007E8A64 /* UIScreen+CZAddition.m */ = {isa = PBXFileReference; fileEncoding = 4; lastKnownFileType = sourcecode.c.objc; path = "UIScreen+CZAddition.m"; sourceTree = "<group>"; };
		049F0EFD1CFEC6FA007E8A64 /* UIView+CZAddition.h */ = {isa = PBXFileReference; fileEncoding = 4; lastKnownFileType = sourcecode.c.h; path = "UIView+CZAddition.h"; sourceTree = "<group>"; };
		049F0EFE1CFEC6FA007E8A64 /* UIView+CZAddition.m */ = {isa = PBXFileReference; fileEncoding = 4; lastKnownFileType = sourcecode.c.objc; path = "UIView+CZAddition.m"; sourceTree = "<group>"; };
		049F0EFF1CFEC6FA007E8A64 /* UIViewController+CZAddition.h */ = {isa = PBXFileReference; fileEncoding = 4; lastKnownFileType = sourcecode.c.h; path = "UIViewController+CZAddition.h"; sourceTree = "<group>"; };
		049F0F001CFEC6FA007E8A64 /* UIViewController+CZAddition.m */ = {isa = PBXFileReference; fileEncoding = 4; lastKnownFileType = sourcecode.c.objc; path = "UIViewController+CZAddition.m"; sourceTree = "<group>"; };
		049F0F021CFEC6FA007E8A64 /* CZBaseControl.h */ = {isa = PBXFileReference; fileEncoding = 4; lastKnownFileType = sourcecode.c.h; path = CZBaseControl.h; sourceTree = "<group>"; };
		049F0F031CFEC6FA007E8A64 /* CZBaseControl.m */ = {isa = PBXFileReference; fileEncoding = 4; lastKnownFileType = sourcecode.c.objc; path = CZBaseControl.m; sourceTree = "<group>"; };
		049F0F041CFEC6FA007E8A64 /* CZBaseView.h */ = {isa = PBXFileReference; fileEncoding = 4; lastKnownFileType = sourcecode.c.h; path = CZBaseView.h; sourceTree = "<group>"; };
		049F0F051CFEC6FA007E8A64 /* CZBaseView.m */ = {isa = PBXFileReference; fileEncoding = 4; lastKnownFileType = sourcecode.c.objc; path = CZBaseView.m; sourceTree = "<group>"; };
		049F0F061CFEC6FA007E8A64 /* CZBaseViewController.h */ = {isa = PBXFileReference; fileEncoding = 4; lastKnownFileType = sourcecode.c.h; path = CZBaseViewController.h; sourceTree = "<group>"; };
		049F0F071CFEC6FA007E8A64 /* CZBaseViewController.m */ = {isa = PBXFileReference; fileEncoding = 4; lastKnownFileType = sourcecode.c.objc; path = CZBaseViewController.m; sourceTree = "<group>"; };
		04A0FAF01CFFE9FF00C3895C /* XMTabBarController.h */ = {isa = PBXFileReference; fileEncoding = 4; lastKnownFileType = sourcecode.c.h; path = XMTabBarController.h; sourceTree = "<group>"; };
		04A0FAF11CFFE9FF00C3895C /* XMTabBarController.m */ = {isa = PBXFileReference; fileEncoding = 4; lastKnownFileType = sourcecode.c.objc; path = XMTabBarController.m; sourceTree = "<group>"; };
		04A0FB141CFFF1B400C3895C /* XMNavigationController.h */ = {isa = PBXFileReference; fileEncoding = 4; lastKnownFileType = sourcecode.c.h; path = XMNavigationController.h; sourceTree = "<group>"; };
		04A0FB151CFFF1B400C3895C /* XMNavigationController.m */ = {isa = PBXFileReference; fileEncoding = 4; lastKnownFileType = sourcecode.c.objc; path = XMNavigationController.m; sourceTree = "<group>"; };
		04A0FB191CFFF43D00C3895C /* ZFBHomeViewController.h */ = {isa = PBXFileReference; fileEncoding = 4; lastKnownFileType = sourcecode.c.h; path = ZFBHomeViewController.h; sourceTree = "<group>"; };
		04A0FB1A1CFFF43D00C3895C /* ZFBHomeViewController.m */ = {isa = PBXFileReference; fileEncoding = 4; lastKnownFileType = sourcecode.c.objc; path = ZFBHomeViewController.m; sourceTree = "<group>"; };
		04A0FB1D1CFFF47300C3895C /* ZFBBusinessViewController.h */ = {isa = PBXFileReference; fileEncoding = 4; lastKnownFileType = sourcecode.c.h; path = ZFBBusinessViewController.h; sourceTree = "<group>"; };
		04A0FB1E1CFFF47300C3895C /* ZFBBusinessViewController.m */ = {isa = PBXFileReference; fileEncoding = 4; lastKnownFileType = sourcecode.c.objc; path = ZFBBusinessViewController.m; sourceTree = "<group>"; };
		04A0FB211CFFF49900C3895C /* ZFBFriendsViewController.h */ = {isa = PBXFileReference; fileEncoding = 4; lastKnownFileType = sourcecode.c.h; path = ZFBFriendsViewController.h; sourceTree = "<group>"; };
		04A0FB221CFFF49900C3895C /* ZFBFriendsViewController.m */ = {isa = PBXFileReference; fileEncoding = 4; lastKnownFileType = sourcecode.c.objc; path = ZFBFriendsViewController.m; sourceTree = "<group>"; };
		4BB2685BD0F7BB5075BB160F /* Pods-GroupWork.release.xcconfig */ = {isa = PBXFileReference; includeInIndex = 1; lastKnownFileType = text.xcconfig; name = "Pods-GroupWork.release.xcconfig"; path = "Pods/Target Support Files/Pods-GroupWork/Pods-GroupWork.release.xcconfig"; sourceTree = "<group>"; };
		554EC318B19F7979E2375FDE /* Pods_GroupWork.framework */ = {isa = PBXFileReference; explicitFileType = wrapper.framework; includeInIndex = 0; path = Pods_GroupWork.framework; sourceTree = BUILT_PRODUCTS_DIR; };
		E9A2F8B1BBAF77513E1C8DF9 /* Pods-GroupWork.debug.xcconfig */ = {isa = PBXFileReference; includeInIndex = 1; lastKnownFileType = text.xcconfig; name = "Pods-GroupWork.debug.xcconfig"; path = "Pods/Target Support Files/Pods-GroupWork/Pods-GroupWork.debug.xcconfig"; sourceTree = "<group>"; };
/* End PBXFileReference section */

/* Begin PBXFrameworksBuildPhase section */
		049F0E031CFDB51B007E8A64 /* Frameworks */ = {
			isa = PBXFrameworksBuildPhase;
			buildActionMask = 2147483647;
			files = (
				2D1086D2AAC7029E56B317ED /* Pods_GroupWork.framework in Frameworks */,
			);
			runOnlyForDeploymentPostprocessing = 0;
		};
/* End PBXFrameworksBuildPhase section */

/* Begin PBXGroup section */
		049F0DFD1CFDB51B007E8A64 = {
			isa = PBXGroup;
			children = (
				049F0E081CFDB51B007E8A64 /* GroupWork */,
				049F0E071CFDB51B007E8A64 /* Products */,
				9AD24A847629333AA4817D50 /* Pods */,
				28430CF83C885AF88BFB8AB7 /* Frameworks */,
			);
			sourceTree = "<group>";
		};
		049F0E071CFDB51B007E8A64 /* Products */ = {
			isa = PBXGroup;
			children = (
				049F0E061CFDB51B007E8A64 /* GroupWork.app */,
			);
			name = Products;
			sourceTree = "<group>";
		};
		049F0E081CFDB51B007E8A64 /* GroupWork */ = {
			isa = PBXGroup;
			children = (
				049F0EEA1CFEC6FA007E8A64 /* Tools */,
				049F0E0C1CFDB51B007E8A64 /* AppDelegate.h */,
				049F0E0D1CFDB51B007E8A64 /* AppDelegate.m */,
				04A0FB241CFFF49C00C3895C /* Friends(朋友) */,
				04A0FB201CFFF47500C3895C /* Business(商家口碑) */,
				04A0FB1C1CFFF44300C3895C /* Home(支付宝) */,
				04A0FB171CFFF3C700C3895C /* Mine(我的) */,
				04A0FB181CFFF3D900C3895C /* VC(控制器) */,
				049F0E151CFDB51B007E8A64 /* Assets.xcassets */,
				049F0E171CFDB51B007E8A64 /* LaunchScreen.storyboard */,
				049F0E1A1CFDB51B007E8A64 /* Info.plist */,
				049F0E091CFDB51B007E8A64 /* Supporting Files */,
			);
			path = GroupWork;
			sourceTree = "<group>";
		};
		049F0E091CFDB51B007E8A64 /* Supporting Files */ = {
			isa = PBXGroup;
			children = (
				049F0E0A1CFDB51B007E8A64 /* main.m */,
			);
			name = "Supporting Files";
			sourceTree = "<group>";
		};
		049F0EEA1CFEC6FA007E8A64 /* Tools */ = {
			isa = PBXGroup;
			children = (
				049F0EEB1CFEC6FA007E8A64 /* Additions */,
				049F0F011CFEC6FA007E8A64 /* Base */,
			);
			path = Tools;
			sourceTree = "<group>";
		};
		049F0EEB1CFEC6FA007E8A64 /* Additions */ = {
			isa = PBXGroup;
			children = (
				049F0EEC1CFEC6FA007E8A64 /* CZAdditions.h */,
				049F0EED1CFEC6FA007E8A64 /* NSArray+CZAddition.h */,
				049F0EEE1CFEC6FA007E8A64 /* NSArray+CZAddition.m */,
				049F0EEF1CFEC6FA007E8A64 /* NSArray+Log.h */,
				049F0EF01CFEC6FA007E8A64 /* NSArray+Log.m */,
				049F0EF11CFEC6FA007E8A64 /* NSAttributedString+CZAdditon.h */,
				049F0EF21CFEC6FA007E8A64 /* NSAttributedString+CZAdditon.m */,
				049F0EF31CFEC6FA007E8A64 /* NSObject+CZAddition.h */,
				049F0EF41CFEC6FA007E8A64 /* NSObject+CZAddition.m */,
				049F0EF51CFEC6FA007E8A64 /* UIButton+CZAddition.h */,
				049F0EF61CFEC6FA007E8A64 /* UIButton+CZAddition.m */,
				049F0EF71CFEC6FA007E8A64 /* UIColor+CZAddition.h */,
				049F0EF81CFEC6FA007E8A64 /* UIColor+CZAddition.m */,
				049F0EF91CFEC6FA007E8A64 /* UILabel+CZAddition.h */,
				049F0EFA1CFEC6FA007E8A64 /* UILabel+CZAddition.m */,
				049F0EFB1CFEC6FA007E8A64 /* UIScreen+CZAddition.h */,
				049F0EFC1CFEC6FA007E8A64 /* UIScreen+CZAddition.m */,
				049F0EFD1CFEC6FA007E8A64 /* UIView+CZAddition.h */,
				049F0EFE1CFEC6FA007E8A64 /* UIView+CZAddition.m */,
				049F0EFF1CFEC6FA007E8A64 /* UIViewController+CZAddition.h */,
				049F0F001CFEC6FA007E8A64 /* UIViewController+CZAddition.m */,
			);
			path = Additions;
			sourceTree = "<group>";
		};
		049F0F011CFEC6FA007E8A64 /* Base */ = {
			isa = PBXGroup;
			children = (
				049F0F021CFEC6FA007E8A64 /* CZBaseControl.h */,
				049F0F031CFEC6FA007E8A64 /* CZBaseControl.m */,
				049F0F041CFEC6FA007E8A64 /* CZBaseView.h */,
				049F0F051CFEC6FA007E8A64 /* CZBaseView.m */,
				049F0F061CFEC6FA007E8A64 /* CZBaseViewController.h */,
				049F0F071CFEC6FA007E8A64 /* CZBaseViewController.m */,
			);
			path = Base;
			sourceTree = "<group>";
		};
		04A0FB171CFFF3C700C3895C /* Mine(我的) */ = {
			isa = PBXGroup;
			children = (
				049F0E0F1CFDB51B007E8A64 /* ViewController.h */,
				049F0E101CFDB51B007E8A64 /* ViewController.m */,
			);
			name = "Mine(我的)";
			sourceTree = "<group>";
		};
		04A0FB181CFFF3D900C3895C /* VC(控制器) */ = {
			isa = PBXGroup;
			children = (
				04A0FAF01CFFE9FF00C3895C /* XMTabBarController.h */,
				04A0FAF11CFFE9FF00C3895C /* XMTabBarController.m */,
				04A0FB141CFFF1B400C3895C /* XMNavigationController.h */,
				04A0FB151CFFF1B400C3895C /* XMNavigationController.m */,
			);
			name = "VC(控制器)";
			sourceTree = "<group>";
		};
		04A0FB1C1CFFF44300C3895C /* Home(支付宝) */ = {
			isa = PBXGroup;
			children = (
				04A0FB191CFFF43D00C3895C /* ZFBHomeViewController.h */,
				04A0FB1A1CFFF43D00C3895C /* ZFBHomeViewController.m */,
			);
			name = "Home(支付宝)";
			sourceTree = "<group>";
		};
		04A0FB201CFFF47500C3895C /* Business(商家口碑) */ = {
			isa = PBXGroup;
			children = (
				04A0FB1D1CFFF47300C3895C /* ZFBBusinessViewController.h */,
				04A0FB1E1CFFF47300C3895C /* ZFBBusinessViewController.m */,
			);
			name = "Business(商家口碑)";
			sourceTree = "<group>";
		};
		04A0FB241CFFF49C00C3895C /* Friends(朋友) */ = {
			isa = PBXGroup;
			children = (
				04A0FB211CFFF49900C3895C /* ZFBFriendsViewController.h */,
				04A0FB221CFFF49900C3895C /* ZFBFriendsViewController.m */,
			);
			name = "Friends(朋友)";
			sourceTree = "<group>";
		};
		28430CF83C885AF88BFB8AB7 /* Frameworks */ = {
			isa = PBXGroup;
			children = (
				554EC318B19F7979E2375FDE /* Pods_GroupWork.framework */,
			);
			name = Frameworks;
			sourceTree = "<group>";
		};
		9AD24A847629333AA4817D50 /* Pods */ = {
			isa = PBXGroup;
			children = (
				E9A2F8B1BBAF77513E1C8DF9 /* Pods-GroupWork.debug.xcconfig */,
				4BB2685BD0F7BB5075BB160F /* Pods-GroupWork.release.xcconfig */,
			);
			name = Pods;
			sourceTree = "<group>";
		};
/* End PBXGroup section */

/* Begin PBXNativeTarget section */
		049F0E051CFDB51B007E8A64 /* GroupWork */ = {
			isa = PBXNativeTarget;
			buildConfigurationList = 049F0E1D1CFDB51B007E8A64 /* Build configuration list for PBXNativeTarget "GroupWork" */;
			buildPhases = (
				43ABA1A8ABC92AFC6E6FE990 /* [CP] Check Pods Manifest.lock */,
				049F0E021CFDB51B007E8A64 /* Sources */,
				049F0E031CFDB51B007E8A64 /* Frameworks */,
				049F0E041CFDB51B007E8A64 /* Resources */,
				13315F18FEBEC3633E2E5E9E /* [CP] Embed Pods Frameworks */,
				DDFAC2DB79FBCD959AA4A04D /* [CP] Copy Pods Resources */,
			);
			buildRules = (
			);
			dependencies = (
			);
			name = GroupWork;
			productName = GroupWork;
			productReference = 049F0E061CFDB51B007E8A64 /* GroupWork.app */;
			productType = "com.apple.product-type.application";
		};
/* End PBXNativeTarget section */

/* Begin PBXProject section */
		049F0DFE1CFDB51B007E8A64 /* Project object */ = {
			isa = PBXProject;
			attributes = {
				LastUpgradeCheck = 0730;
				ORGANIZATIONNAME = mac;
				TargetAttributes = {
					049F0E051CFDB51B007E8A64 = {
						CreatedOnToolsVersion = 7.3.1;
					};
				};
			};
			buildConfigurationList = 049F0E011CFDB51B007E8A64 /* Build configuration list for PBXProject "GroupWork" */;
			compatibilityVersion = "Xcode 3.2";
			developmentRegion = English;
			hasScannedForEncodings = 0;
			knownRegions = (
				en,
				Base,
			);
			mainGroup = 049F0DFD1CFDB51B007E8A64;
			productRefGroup = 049F0E071CFDB51B007E8A64 /* Products */;
			projectDirPath = "";
			projectRoot = "";
			targets = (
				049F0E051CFDB51B007E8A64 /* GroupWork */,
			);
		};
/* End PBXProject section */

/* Begin PBXResourcesBuildPhase section */
		049F0E041CFDB51B007E8A64 /* Resources */ = {
			isa = PBXResourcesBuildPhase;
			buildActionMask = 2147483647;
			files = (
				049F0E191CFDB51B007E8A64 /* LaunchScreen.storyboard in Resources */,
				049F0E161CFDB51B007E8A64 /* Assets.xcassets in Resources */,
			);
			runOnlyForDeploymentPostprocessing = 0;
		};
/* End PBXResourcesBuildPhase section */

/* Begin PBXShellScriptBuildPhase section */
		13315F18FEBEC3633E2E5E9E /* [CP] Embed Pods Frameworks */ = {
			isa = PBXShellScriptBuildPhase;
			buildActionMask = 2147483647;
			files = (
			);
			inputPaths = (
			);
			name = "[CP] Embed Pods Frameworks";
			outputPaths = (
			);
			runOnlyForDeploymentPostprocessing = 0;
			shellPath = /bin/sh;
			shellScript = "\"${SRCROOT}/Pods/Target Support Files/Pods-GroupWork/Pods-GroupWork-frameworks.sh\"\n";
			showEnvVarsInLog = 0;
		};
		43ABA1A8ABC92AFC6E6FE990 /* [CP] Check Pods Manifest.lock */ = {
			isa = PBXShellScriptBuildPhase;
			buildActionMask = 2147483647;
			files = (
			);
			inputPaths = (
			);
			name = "[CP] Check Pods Manifest.lock";
			outputPaths = (
			);
			runOnlyForDeploymentPostprocessing = 0;
			shellPath = /bin/sh;
			shellScript = "diff \"${PODS_ROOT}/../Podfile.lock\" \"${PODS_ROOT}/Manifest.lock\" > /dev/null\nif [[ $? != 0 ]] ; then\n    cat << EOM\nerror: The sandbox is not in sync with the Podfile.lock. Run 'pod install' or update your CocoaPods installation.\nEOM\n    exit 1\nfi\n";
			showEnvVarsInLog = 0;
		};
		DDFAC2DB79FBCD959AA4A04D /* [CP] Copy Pods Resources */ = {
			isa = PBXShellScriptBuildPhase;
			buildActionMask = 2147483647;
			files = (
			);
			inputPaths = (
			);
			name = "[CP] Copy Pods Resources";
			outputPaths = (
			);
			runOnlyForDeploymentPostprocessing = 0;
			shellPath = /bin/sh;
			shellScript = "\"${SRCROOT}/Pods/Target Support Files/Pods-GroupWork/Pods-GroupWork-resources.sh\"\n";
			showEnvVarsInLog = 0;
		};
/* End PBXShellScriptBuildPhase section */

/* Begin PBXSourcesBuildPhase section */
		049F0E021CFDB51B007E8A64 /* Sources */ = {
			isa = PBXSourcesBuildPhase;
			buildActionMask = 2147483647;
			files = (
				04A0FB1B1CFFF43D00C3895C /* ZFBHomeViewController.m in Sources */,
				049F0F111CFEC6FA007E8A64 /* UIViewController+CZAddition.m in Sources */,
				049F0F091CFEC6FA007E8A64 /* NSArray+Log.m in Sources */,
				049F0E111CFDB51B007E8A64 /* ViewController.m in Sources */,
				04A0FB231CFFF49900C3895C /* ZFBFriendsViewController.m in Sources */,
				04A0FAF21CFFE9FF00C3895C /* XMTabBarController.m in Sources */,
				049F0F121CFEC6FA007E8A64 /* CZBaseControl.m in Sources */,
				049F0F0F1CFEC6FA007E8A64 /* UIScreen+CZAddition.m in Sources */,
				049F0F101CFEC6FA007E8A64 /* UIView+CZAddition.m in Sources */,
				049F0F0A1CFEC6FA007E8A64 /* NSAttributedString+CZAdditon.m in Sources */,
				049F0E0E1CFDB51B007E8A64 /* AppDelegate.m in Sources */,
				049F0F141CFEC6FA007E8A64 /* CZBaseViewController.m in Sources */,
				049F0F0B1CFEC6FA007E8A64 /* NSObject+CZAddition.m in Sources */,
				049F0E0B1CFDB51B007E8A64 /* main.m in Sources */,
				049F0F131CFEC6FA007E8A64 /* CZBaseView.m in Sources */,
				049F0F0C1CFEC6FA007E8A64 /* UIButton+CZAddition.m in Sources */,
				049F0F0E1CFEC6FA007E8A64 /* UILabel+CZAddition.m in Sources */,
				049F0F081CFEC6FA007E8A64 /* NSArray+CZAddition.m in Sources */,
				04A0FB161CFFF1B400C3895C /* XMNavigationController.m in Sources */,
				049F0F0D1CFEC6FA007E8A64 /* UIColor+CZAddition.m in Sources */,
				04A0FB1F1CFFF47300C3895C /* ZFBBusinessViewController.m in Sources */,
			);
			runOnlyForDeploymentPostprocessing = 0;
		};
/* End PBXSourcesBuildPhase section */

/* Begin PBXVariantGroup section */
		049F0E171CFDB51B007E8A64 /* LaunchScreen.storyboard */ = {
			isa = PBXVariantGroup;
			children = (
				049F0E181CFDB51B007E8A64 /* Base */,
			);
			name = LaunchScreen.storyboard;
			sourceTree = "<group>";
		};
/* End PBXVariantGroup section */

/* Begin XCBuildConfiguration section */
		049F0E1B1CFDB51B007E8A64 /* Debug */ = {
			isa = XCBuildConfiguration;
			buildSettings = {
				ALWAYS_SEARCH_USER_PATHS = NO;
				CLANG_ANALYZER_NONNULL = YES;
				CLANG_CXX_LANGUAGE_STANDARD = "gnu++0x";
				CLANG_CXX_LIBRARY = "libc++";
				CLANG_ENABLE_MODULES = YES;
				CLANG_ENABLE_OBJC_ARC = YES;
				CLANG_WARN_BOOL_CONVERSION = YES;
				CLANG_WARN_CONSTANT_CONVERSION = YES;
				CLANG_WARN_DIRECT_OBJC_ISA_USAGE = YES_ERROR;
				CLANG_WARN_EMPTY_BODY = YES;
				CLANG_WARN_ENUM_CONVERSION = YES;
				CLANG_WARN_INT_CONVERSION = YES;
				CLANG_WARN_OBJC_ROOT_CLASS = YES_ERROR;
				CLANG_WARN_UNREACHABLE_CODE = YES;
				CLANG_WARN__DUPLICATE_METHOD_MATCH = YES;
				"CODE_SIGN_IDENTITY[sdk=iphoneos*]" = "iPhone Developer";
				COPY_PHASE_STRIP = NO;
				DEBUG_INFORMATION_FORMAT = dwarf;
				ENABLE_STRICT_OBJC_MSGSEND = YES;
				ENABLE_TESTABILITY = YES;
				GCC_C_LANGUAGE_STANDARD = gnu99;
				GCC_DYNAMIC_NO_PIC = NO;
				GCC_NO_COMMON_BLOCKS = YES;
				GCC_OPTIMIZATION_LEVEL = 0;
				GCC_PREPROCESSOR_DEFINITIONS = (
					"DEBUG=1",
					"$(inherited)",
				);
				GCC_WARN_64_TO_32_BIT_CONVERSION = YES;
				GCC_WARN_ABOUT_RETURN_TYPE = YES_ERROR;
				GCC_WARN_UNDECLARED_SELECTOR = YES;
				GCC_WARN_UNINITIALIZED_AUTOS = YES_AGGRESSIVE;
				GCC_WARN_UNUSED_FUNCTION = YES;
				GCC_WARN_UNUSED_VARIABLE = YES;
				IPHONEOS_DEPLOYMENT_TARGET = 9.3;
				MTL_ENABLE_DEBUG_INFO = YES;
				ONLY_ACTIVE_ARCH = YES;
				SDKROOT = iphoneos;
			};
			name = Debug;
		};
		049F0E1C1CFDB51B007E8A64 /* Release */ = {
			isa = XCBuildConfiguration;
			buildSettings = {
				ALWAYS_SEARCH_USER_PATHS = NO;
				CLANG_ANALYZER_NONNULL = YES;
				CLANG_CXX_LANGUAGE_STANDARD = "gnu++0x";
				CLANG_CXX_LIBRARY = "libc++";
				CLANG_ENABLE_MODULES = YES;
				CLANG_ENABLE_OBJC_ARC = YES;
				CLANG_WARN_BOOL_CONVERSION = YES;
				CLANG_WARN_CONSTANT_CONVERSION = YES;
				CLANG_WARN_DIRECT_OBJC_ISA_USAGE = YES_ERROR;
				CLANG_WARN_EMPTY_BODY = YES;
				CLANG_WARN_ENUM_CONVERSION = YES;
				CLANG_WARN_INT_CONVERSION = YES;
				CLANG_WARN_OBJC_ROOT_CLASS = YES_ERROR;
				CLANG_WARN_UNREACHABLE_CODE = YES;
				CLANG_WARN__DUPLICATE_METHOD_MATCH = YES;
				"CODE_SIGN_IDENTITY[sdk=iphoneos*]" = "iPhone Developer";
				COPY_PHASE_STRIP = NO;
				DEBUG_INFORMATION_FORMAT = "dwarf-with-dsym";
				ENABLE_NS_ASSERTIONS = NO;
				ENABLE_STRICT_OBJC_MSGSEND = YES;
				GCC_C_LANGUAGE_STANDARD = gnu99;
				GCC_NO_COMMON_BLOCKS = YES;
				GCC_WARN_64_TO_32_BIT_CONVERSION = YES;
				GCC_WARN_ABOUT_RETURN_TYPE = YES_ERROR;
				GCC_WARN_UNDECLARED_SELECTOR = YES;
				GCC_WARN_UNINITIALIZED_AUTOS = YES_AGGRESSIVE;
				GCC_WARN_UNUSED_FUNCTION = YES;
				GCC_WARN_UNUSED_VARIABLE = YES;
				IPHONEOS_DEPLOYMENT_TARGET = 9.3;
				MTL_ENABLE_DEBUG_INFO = NO;
				SDKROOT = iphoneos;
				VALIDATE_PRODUCT = YES;
			};
			name = Release;
		};
		049F0E1E1CFDB51B007E8A64 /* Debug */ = {
			isa = XCBuildConfiguration;
			baseConfigurationReference = E9A2F8B1BBAF77513E1C8DF9 /* Pods-GroupWork.debug.xcconfig */;
			buildSettings = {
				ASSETCATALOG_COMPILER_APPICON_NAME = AppIcon;
				INFOPLIST_FILE = GroupWork/Info.plist;
				LD_RUNPATH_SEARCH_PATHS = "$(inherited) @executable_path/Frameworks";
				PRODUCT_BUNDLE_IDENTIFIER = com.xumingming.GroupWork;
				PRODUCT_NAME = "$(TARGET_NAME)";
			};
			name = Debug;
		};
		049F0E1F1CFDB51B007E8A64 /* Release */ = {
			isa = XCBuildConfiguration;
			baseConfigurationReference = 4BB2685BD0F7BB5075BB160F /* Pods-GroupWork.release.xcconfig */;
			buildSettings = {
				ASSETCATALOG_COMPILER_APPICON_NAME = AppIcon;
				INFOPLIST_FILE = GroupWork/Info.plist;
				LD_RUNPATH_SEARCH_PATHS = "$(inherited) @executable_path/Frameworks";
				PRODUCT_BUNDLE_IDENTIFIER = com.xumingming.GroupWork;
				PRODUCT_NAME = "$(TARGET_NAME)";
			};
			name = Release;
		};
/* End XCBuildConfiguration section */

/* Begin XCConfigurationList section */
		049F0E011CFDB51B007E8A64 /* Build configuration list for PBXProject "GroupWork" */ = {
			isa = XCConfigurationList;
			buildConfigurations = (
				049F0E1B1CFDB51B007E8A64 /* Debug */,
				049F0E1C1CFDB51B007E8A64 /* Release */,
			);
			defaultConfigurationIsVisible = 0;
			defaultConfigurationName = Release;
		};
		049F0E1D1CFDB51B007E8A64 /* Build configuration list for PBXNativeTarget "GroupWork" */ = {
			isa = XCConfigurationList;
			buildConfigurations = (
				049F0E1E1CFDB51B007E8A64 /* Debug */,
				049F0E1F1CFDB51B007E8A64 /* Release */,
			);
			defaultConfigurationIsVisible = 0;
			defaultConfigurationName = Release;
		};
/* End XCConfigurationList section */
	};
	rootObject = 049F0DFE1CFDB51B007E8A64 /* Project object */;
}
